// !$*UTF8*$!
{
	archiveVersion = 1;
	classes = {
	};
	objectVersion = 56;
	objects = {

/* Begin PBXBuildFile section */
		B724EA4B2CAAF84900BAAF6B /* OTPInputField.swift in Sources */ = {isa = PBXBuildFile; fileRef = B724EA4A2CAAF84900BAAF6B /* OTPInputField.swift */; };
		B796FC072CAC8010003F15CD /* ForgotPasswordView.swift in Sources */ = {isa = PBXBuildFile; fileRef = B796FC062CAC8010003F15CD /* ForgotPasswordView.swift */; };
		B796FC092CAC8541003F15CD /* EnableLocationView.swift in Sources */ = {isa = PBXBuildFile; fileRef = B796FC082CAC8541003F15CD /* EnableLocationView.swift */; };
		B797039D2CA00A64006CFD96 /* Coody_IOSApp.swift in Sources */ = {isa = PBXBuildFile; fileRef = B797039C2CA00A64006CFD96 /* Coody_IOSApp.swift */; };
		B79703A12CA00A68006CFD96 /* Assets.xcassets in Resources */ = {isa = PBXBuildFile; fileRef = B79703A02CA00A68006CFD96 /* Assets.xcassets */; };
		B79703A42CA00A68006CFD96 /* Preview Assets.xcassets in Resources */ = {isa = PBXBuildFile; fileRef = B79703A32CA00A68006CFD96 /* Preview Assets.xcassets */; };
		B79703AC2CA02105006CFD96 /* IntroView.swift in Sources */ = {isa = PBXBuildFile; fileRef = B79703AB2CA02105006CFD96 /* IntroView.swift */; };
		B7A542B32CA8835A00FFBCC7 /* ContentView.swift in Sources */ = {isa = PBXBuildFile; fileRef = B7A542B22CA8835A00FFBCC7 /* ContentView.swift */; };
		B7A542B52CA8843400FFBCC7 /* SplashView.swift in Sources */ = {isa = PBXBuildFile; fileRef = B7A542B42CA8843400FFBCC7 /* SplashView.swift */; };
		B7C3FE032CAD8B2500ECE517 /* HomeView.swift in Sources */ = {isa = PBXBuildFile; fileRef = B7C3FE022CAD8B2500ECE517 /* HomeView.swift */; };
		B7C3FE052CADBF5100ECE517 /* ProductView.swift in Sources */ = {isa = PBXBuildFile; fileRef = B7C3FE042CADBF5100ECE517 /* ProductView.swift */; };
		B7C3FE072CADD01F00ECE517 /* ProductCategoryView.swift in Sources */ = {isa = PBXBuildFile; fileRef = B7C3FE062CADD01F00ECE517 /* ProductCategoryView.swift */; };
		B7C3FE092CADDA2800ECE517 /* TabViews.swift in Sources */ = {isa = PBXBuildFile; fileRef = B7C3FE082CADDA2800ECE517 /* TabViews.swift */; };
		B7E992342CA1975B0032DA86 /* LoginView.swift in Sources */ = {isa = PBXBuildFile; fileRef = B7E992332CA1975B0032DA86 /* LoginView.swift */; };
		B7E992362CA1E73B0032DA86 /* SignupView.swift in Sources */ = {isa = PBXBuildFile; fileRef = B7E992352CA1E73B0032DA86 /* SignupView.swift */; };
		B7E992382CA1E9270032DA86 /* PhoneNumberConfirmationView.swift in Sources */ = {isa = PBXBuildFile; fileRef = B7E992372CA1E9270032DA86 /* PhoneNumberConfirmationView.swift */; };
		B7E9923A2CA325070032DA86 /* OTPAuthView.swift in Sources */ = {isa = PBXBuildFile; fileRef = B7E992392CA325060032DA86 /* OTPAuthView.swift */; };
/* End PBXBuildFile section */

/* Begin PBXFileReference section */
		B724EA4A2CAAF84900BAAF6B /* OTPInputField.swift */ = {isa = PBXFileReference; lastKnownFileType = sourcecode.swift; path = OTPInputField.swift; sourceTree = "<group>"; };
		B796FC062CAC8010003F15CD /* ForgotPasswordView.swift */ = {isa = PBXFileReference; lastKnownFileType = sourcecode.swift; path = ForgotPasswordView.swift; sourceTree = "<group>"; };
		B796FC082CAC8541003F15CD /* EnableLocationView.swift */ = {isa = PBXFileReference; lastKnownFileType = sourcecode.swift; path = EnableLocationView.swift; sourceTree = "<group>"; };
		B79703992CA00A64006CFD96 /* Coody-IOS.app */ = {isa = PBXFileReference; explicitFileType = wrapper.application; includeInIndex = 0; path = "Coody-IOS.app"; sourceTree = BUILT_PRODUCTS_DIR; };
		B797039C2CA00A64006CFD96 /* Coody_IOSApp.swift */ = {isa = PBXFileReference; lastKnownFileType = sourcecode.swift; path = Coody_IOSApp.swift; sourceTree = "<group>"; };
		B79703A02CA00A68006CFD96 /* Assets.xcassets */ = {isa = PBXFileReference; lastKnownFileType = folder.assetcatalog; path = Assets.xcassets; sourceTree = "<group>"; };
		B79703A32CA00A68006CFD96 /* Preview Assets.xcassets */ = {isa = PBXFileReference; lastKnownFileType = folder.assetcatalog; path = "Preview Assets.xcassets"; sourceTree = "<group>"; };
		B79703AB2CA02105006CFD96 /* IntroView.swift */ = {isa = PBXFileReference; lastKnownFileType = sourcecode.swift; path = IntroView.swift; sourceTree = "<group>"; };
		B7A542B22CA8835A00FFBCC7 /* ContentView.swift */ = {isa = PBXFileReference; lastKnownFileType = sourcecode.swift; path = ContentView.swift; sourceTree = "<group>"; };
		B7A542B42CA8843400FFBCC7 /* SplashView.swift */ = {isa = PBXFileReference; lastKnownFileType = sourcecode.swift; path = SplashView.swift; sourceTree = "<group>"; };
		B7C3FE022CAD8B2500ECE517 /* HomeView.swift */ = {isa = PBXFileReference; lastKnownFileType = sourcecode.swift; path = HomeView.swift; sourceTree = "<group>"; };
		B7C3FE042CADBF5100ECE517 /* ProductView.swift */ = {isa = PBXFileReference; lastKnownFileType = sourcecode.swift; path = ProductView.swift; sourceTree = "<group>"; };
		B7C3FE062CADD01F00ECE517 /* ProductCategoryView.swift */ = {isa = PBXFileReference; lastKnownFileType = sourcecode.swift; path = ProductCategoryView.swift; sourceTree = "<group>"; };
		B7C3FE082CADDA2800ECE517 /* TabViews.swift */ = {isa = PBXFileReference; lastKnownFileType = sourcecode.swift; path = TabViews.swift; sourceTree = "<group>"; };
		B7E992332CA1975B0032DA86 /* LoginView.swift */ = {isa = PBXFileReference; lastKnownFileType = sourcecode.swift; path = LoginView.swift; sourceTree = "<group>"; };
		B7E992352CA1E73B0032DA86 /* SignupView.swift */ = {isa = PBXFileReference; lastKnownFileType = sourcecode.swift; path = SignupView.swift; sourceTree = "<group>"; };
		B7E992372CA1E9270032DA86 /* PhoneNumberConfirmationView.swift */ = {isa = PBXFileReference; lastKnownFileType = sourcecode.swift; path = PhoneNumberConfirmationView.swift; sourceTree = "<group>"; };
		B7E992392CA325060032DA86 /* OTPAuthView.swift */ = {isa = PBXFileReference; lastKnownFileType = sourcecode.swift; path = OTPAuthView.swift; sourceTree = "<group>"; };
/* End PBXFileReference section */

/* Begin PBXFrameworksBuildPhase section */
		B79703962CA00A64006CFD96 /* Frameworks */ = {
			isa = PBXFrameworksBuildPhase;
			buildActionMask = 2147483647;
			files = (
			);
			runOnlyForDeploymentPostprocessing = 0;
		};
/* End PBXFrameworksBuildPhase section */

/* Begin PBXGroup section */
		B79703902CA00A64006CFD96 = {
			isa = PBXGroup;
			children = (
				B797039B2CA00A64006CFD96 /* Coody-IOS */,
				B797039A2CA00A64006CFD96 /* Products */,
			);
			sourceTree = "<group>";
		};
		B797039A2CA00A64006CFD96 /* Products */ = {
			isa = PBXGroup;
			children = (
				B79703992CA00A64006CFD96 /* Coody-IOS.app */,
			);
			name = Products;
			sourceTree = "<group>";
		};
		B797039B2CA00A64006CFD96 /* Coody-IOS */ = {
			isa = PBXGroup;
			children = (
				B797039C2CA00A64006CFD96 /* Coody_IOSApp.swift */,
				B79703A02CA00A68006CFD96 /* Assets.xcassets */,
				B79703A22CA00A68006CFD96 /* Preview Content */,
				B79703AB2CA02105006CFD96 /* IntroView.swift */,
				B7E992332CA1975B0032DA86 /* LoginView.swift */,
				B7E992352CA1E73B0032DA86 /* SignupView.swift */,
				B7E992372CA1E9270032DA86 /* PhoneNumberConfirmationView.swift */,
				B7E992392CA325060032DA86 /* OTPAuthView.swift */,
				B7A542B22CA8835A00FFBCC7 /* ContentView.swift */,
				B7A542B42CA8843400FFBCC7 /* SplashView.swift */,
				B724EA4A2CAAF84900BAAF6B /* OTPInputField.swift */,
				B796FC062CAC8010003F15CD /* ForgotPasswordView.swift */,
				B796FC082CAC8541003F15CD /* EnableLocationView.swift */,
				B7C3FE022CAD8B2500ECE517 /* HomeView.swift */,
				B7C3FE042CADBF5100ECE517 /* ProductView.swift */,
				B7C3FE062CADD01F00ECE517 /* ProductCategoryView.swift */,
				B7C3FE082CADDA2800ECE517 /* TabViews.swift */,
			);
			path = "Coody-IOS";
			sourceTree = "<group>";
		};
		B79703A22CA00A68006CFD96 /* Preview Content */ = {
			isa = PBXGroup;
			children = (
				B79703A32CA00A68006CFD96 /* Preview Assets.xcassets */,
			);
			path = "Preview Content";
			sourceTree = "<group>";
		};
/* End PBXGroup section */

/* Begin PBXNativeTarget section */
		B79703982CA00A64006CFD96 /* Coody-IOS */ = {
			isa = PBXNativeTarget;
			buildConfigurationList = B79703A72CA00A68006CFD96 /* Build configuration list for PBXNativeTarget "Coody-IOS" */;
			buildPhases = (
				B79703952CA00A64006CFD96 /* Sources */,
				B79703962CA00A64006CFD96 /* Frameworks */,
				B79703972CA00A64006CFD96 /* Resources */,
			);
			buildRules = (
			);
			dependencies = (
			);
			name = "Coody-IOS";
			productName = "Coody-IOS";
			productReference = B79703992CA00A64006CFD96 /* Coody-IOS.app */;
			productType = "com.apple.product-type.application";
		};
/* End PBXNativeTarget section */

/* Begin PBXProject section */
		B79703912CA00A64006CFD96 /* Project object */ = {
			isa = PBXProject;
			attributes = {
				BuildIndependentTargetsInParallel = 1;
				LastSwiftUpdateCheck = 1520;
				LastUpgradeCheck = 1520;
				TargetAttributes = {
					B79703982CA00A64006CFD96 = {
						CreatedOnToolsVersion = 15.2;
					};
				};
			};
			buildConfigurationList = B79703942CA00A64006CFD96 /* Build configuration list for PBXProject "Coody-IOS" */;
			compatibilityVersion = "Xcode 14.0";
			developmentRegion = en;
			hasScannedForEncodings = 0;
			knownRegions = (
				en,
				Base,
			);
			mainGroup = B79703902CA00A64006CFD96;
			productRefGroup = B797039A2CA00A64006CFD96 /* Products */;
			projectDirPath = "";
			projectRoot = "";
			targets = (
				B79703982CA00A64006CFD96 /* Coody-IOS */,
			);
		};
/* End PBXProject section */

/* Begin PBXResourcesBuildPhase section */
		B79703972CA00A64006CFD96 /* Resources */ = {
			isa = PBXResourcesBuildPhase;
			buildActionMask = 2147483647;
			files = (
				B79703A42CA00A68006CFD96 /* Preview Assets.xcassets in Resources */,
				B79703A12CA00A68006CFD96 /* Assets.xcassets in Resources */,
			);
			runOnlyForDeploymentPostprocessing = 0;
		};
/* End PBXResourcesBuildPhase section */

/* Begin PBXSourcesBuildPhase section */
		B79703952CA00A64006CFD96 /* Sources */ = {
			isa = PBXSourcesBuildPhase;
			buildActionMask = 2147483647;
			files = (
				B7E992342CA1975B0032DA86 /* LoginView.swift in Sources */,
				B7A542B32CA8835A00FFBCC7 /* ContentView.swift in Sources */,
				B797039D2CA00A64006CFD96 /* Coody_IOSApp.swift in Sources */,
				B7E992362CA1E73B0032DA86 /* SignupView.swift in Sources */,
				B7C3FE072CADD01F00ECE517 /* ProductCategoryView.swift in Sources */,
				B796FC092CAC8541003F15CD /* EnableLocationView.swift in Sources */,
				B7C3FE052CADBF5100ECE517 /* ProductView.swift in Sources */,
				B79703AC2CA02105006CFD96 /* IntroView.swift in Sources */,
				B7E992382CA1E9270032DA86 /* PhoneNumberConfirmationView.swift in Sources */,
				B7E9923A2CA325070032DA86 /* OTPAuthView.swift in Sources */,
				B7A542B52CA8843400FFBCC7 /* SplashView.swift in Sources */,
				B7C3FE092CADDA2800ECE517 /* TabViews.swift in Sources */,
				B7C3FE032CAD8B2500ECE517 /* HomeView.swift in Sources */,
				B796FC072CAC8010003F15CD /* ForgotPasswordView.swift in Sources */,
				B724EA4B2CAAF84900BAAF6B /* OTPInputField.swift in Sources */,
			);
			runOnlyForDeploymentPostprocessing = 0;
		};
/* End PBXSourcesBuildPhase section */

/* Begin XCBuildConfiguration section */
		B79703A52CA00A68006CFD96 /* Debug */ = {
			isa = XCBuildConfiguration;
			buildSettings = {
				ALWAYS_SEARCH_USER_PATHS = NO;
				ASSETCATALOG_COMPILER_GENERATE_SWIFT_ASSET_SYMBOL_EXTENSIONS = YES;
				CLANG_ANALYZER_NONNULL = YES;
				CLANG_ANALYZER_NUMBER_OBJECT_CONVERSION = YES_AGGRESSIVE;
				CLANG_CXX_LANGUAGE_STANDARD = "gnu++20";
				CLANG_ENABLE_MODULES = YES;
				CLANG_ENABLE_OBJC_ARC = YES;
				CLANG_ENABLE_OBJC_WEAK = YES;
				CLANG_WARN_BLOCK_CAPTURE_AUTORELEASING = YES;
				CLANG_WARN_BOOL_CONVERSION = YES;
				CLANG_WARN_COMMA = YES;
				CLANG_WARN_CONSTANT_CONVERSION = YES;
				CLANG_WARN_DEPRECATED_OBJC_IMPLEMENTATIONS = YES;
				CLANG_WARN_DIRECT_OBJC_ISA_USAGE = YES_ERROR;
				CLANG_WARN_DOCUMENTATION_COMMENTS = YES;
				CLANG_WARN_EMPTY_BODY = YES;
				CLANG_WARN_ENUM_CONVERSION = YES;
				CLANG_WARN_INFINITE_RECURSION = YES;
				CLANG_WARN_INT_CONVERSION = YES;
				CLANG_WARN_NON_LITERAL_NULL_CONVERSION = YES;
				CLANG_WARN_OBJC_IMPLICIT_RETAIN_SELF = YES;
				CLANG_WARN_OBJC_LITERAL_CONVERSION = YES;
				CLANG_WARN_OBJC_ROOT_CLASS = YES_ERROR;
				CLANG_WARN_QUOTED_INCLUDE_IN_FRAMEWORK_HEADER = YES;
				CLANG_WARN_RANGE_LOOP_ANALYSIS = YES;
				CLANG_WARN_STRICT_PROTOTYPES = YES;
				CLANG_WARN_SUSPICIOUS_MOVE = YES;
				CLANG_WARN_UNGUARDED_AVAILABILITY = YES_AGGRESSIVE;
				CLANG_WARN_UNREACHABLE_CODE = YES;
				CLANG_WARN__DUPLICATE_METHOD_MATCH = YES;
				COPY_PHASE_STRIP = NO;
				DEBUG_INFORMATION_FORMAT = dwarf;
				ENABLE_STRICT_OBJC_MSGSEND = YES;
				ENABLE_TESTABILITY = YES;
				ENABLE_USER_SCRIPT_SANDBOXING = YES;
				GCC_C_LANGUAGE_STANDARD = gnu17;
				GCC_DYNAMIC_NO_PIC = NO;
				GCC_NO_COMMON_BLOCKS = YES;
				GCC_OPTIMIZATION_LEVEL = 0;
				GCC_PREPROCESSOR_DEFINITIONS = (
					"DEBUG=1",
					"$(inherited)",
				);
				GCC_WARN_64_TO_32_BIT_CONVERSION = YES;
				GCC_WARN_ABOUT_RETURN_TYPE = YES_ERROR;
				GCC_WARN_UNDECLARED_SELECTOR = YES;
				GCC_WARN_UNINITIALIZED_AUTOS = YES_AGGRESSIVE;
				GCC_WARN_UNUSED_FUNCTION = YES;
				GCC_WARN_UNUSED_VARIABLE = YES;
				IPHONEOS_DEPLOYMENT_TARGET = 17.2;
				LOCALIZATION_PREFERS_STRING_CATALOGS = YES;
				MTL_ENABLE_DEBUG_INFO = INCLUDE_SOURCE;
				MTL_FAST_MATH = YES;
				ONLY_ACTIVE_ARCH = YES;
				SDKROOT = iphoneos;
				SWIFT_ACTIVE_COMPILATION_CONDITIONS = "DEBUG $(inherited)";
				SWIFT_OPTIMIZATION_LEVEL = "-Onone";
			};
			name = Debug;
		};
		B79703A62CA00A68006CFD96 /* Release */ = {
			isa = XCBuildConfiguration;
			buildSettings = {
				ALWAYS_SEARCH_USER_PATHS = NO;
				ASSETCATALOG_COMPILER_GENERATE_SWIFT_ASSET_SYMBOL_EXTENSIONS = YES;
				CLANG_ANALYZER_NONNULL = YES;
				CLANG_ANALYZER_NUMBER_OBJECT_CONVERSION = YES_AGGRESSIVE;
				CLANG_CXX_LANGUAGE_STANDARD = "gnu++20";
				CLANG_ENABLE_MODULES = YES;
				CLANG_ENABLE_OBJC_ARC = YES;
				CLANG_ENABLE_OBJC_WEAK = YES;
				CLANG_WARN_BLOCK_CAPTURE_AUTORELEASING = YES;
				CLANG_WARN_BOOL_CONVERSION = YES;
				CLANG_WARN_COMMA = YES;
				CLANG_WARN_CONSTANT_CONVERSION = YES;
				CLANG_WARN_DEPRECATED_OBJC_IMPLEMENTATIONS = YES;
				CLANG_WARN_DIRECT_OBJC_ISA_USAGE = YES_ERROR;
				CLANG_WARN_DOCUMENTATION_COMMENTS = YES;
				CLANG_WARN_EMPTY_BODY = YES;
				CLANG_WARN_ENUM_CONVERSION = YES;
				CLANG_WARN_INFINITE_RECURSION = YES;
				CLANG_WARN_INT_CONVERSION = YES;
				CLANG_WARN_NON_LITERAL_NULL_CONVERSION = YES;
				CLANG_WARN_OBJC_IMPLICIT_RETAIN_SELF = YES;
				CLANG_WARN_OBJC_LITERAL_CONVERSION = YES;
				CLANG_WARN_OBJC_ROOT_CLASS = YES_ERROR;
				CLANG_WARN_QUOTED_INCLUDE_IN_FRAMEWORK_HEADER = YES;
				CLANG_WARN_RANGE_LOOP_ANALYSIS = YES;
				CLANG_WARN_STRICT_PROTOTYPES = YES;
				CLANG_WARN_SUSPICIOUS_MOVE = YES;
				CLANG_WARN_UNGUARDED_AVAILABILITY = YES_AGGRESSIVE;
				CLANG_WARN_UNREACHABLE_CODE = YES;
				CLANG_WARN__DUPLICATE_METHOD_MATCH = YES;
				COPY_PHASE_STRIP = NO;
				DEBUG_INFORMATION_FORMAT = "dwarf-with-dsym";
				ENABLE_NS_ASSERTIONS = NO;
				ENABLE_STRICT_OBJC_MSGSEND = YES;
				ENABLE_USER_SCRIPT_SANDBOXING = YES;
				GCC_C_LANGUAGE_STANDARD = gnu17;
				GCC_NO_COMMON_BLOCKS = YES;
				GCC_WARN_64_TO_32_BIT_CONVERSION = YES;
				GCC_WARN_ABOUT_RETURN_TYPE = YES_ERROR;
				GCC_WARN_UNDECLARED_SELECTOR = YES;
				GCC_WARN_UNINITIALIZED_AUTOS = YES_AGGRESSIVE;
				GCC_WARN_UNUSED_FUNCTION = YES;
				GCC_WARN_UNUSED_VARIABLE = YES;
				IPHONEOS_DEPLOYMENT_TARGET = 17.2;
				LOCALIZATION_PREFERS_STRING_CATALOGS = YES;
				MTL_ENABLE_DEBUG_INFO = NO;
				MTL_FAST_MATH = YES;
				SDKROOT = iphoneos;
				SWIFT_COMPILATION_MODE = wholemodule;
				VALIDATE_PRODUCT = YES;
			};
			name = Release;
		};
		B79703A82CA00A68006CFD96 /* Debug */ = {
			isa = XCBuildConfiguration;
			buildSettings = {
				ASSETCATALOG_COMPILER_APPICON_NAME = AppIcon;
				ASSETCATALOG_COMPILER_GLOBAL_ACCENT_COLOR_NAME = AccentColor;
				ASSETCATALOG_COMPILER_INCLUDE_ALL_APPICON_ASSETS = YES;
				CODE_SIGN_STYLE = Automatic;
				CURRENT_PROJECT_VERSION = 1;
				DEVELOPMENT_ASSET_PATHS = "\"Coody-IOS/Preview Content\"";
				DEVELOPMENT_TEAM = N4X88WK7XV;
				ENABLE_PREVIEWS = YES;
				GENERATE_INFOPLIST_FILE = YES;
				INFOPLIST_FILE = "Coody-IOS/Info.plist";
				INFOPLIST_KEY_LSApplicationCategoryType = "public.app-category.food-and-drink";
				INFOPLIST_KEY_UIApplicationSceneManifest_Generation = YES;
				INFOPLIST_KEY_UIApplicationSupportsIndirectInputEvents = YES;
				INFOPLIST_KEY_UILaunchStoryboardName = App;
				INFOPLIST_KEY_UIStatusBarStyle = "";
				INFOPLIST_KEY_UISupportedInterfaceOrientations = UIInterfaceOrientationPortrait;
				INFOPLIST_KEY_UISupportedInterfaceOrientations_iPad = "UIInterfaceOrientationLandscapeLeft UIInterfaceOrientationLandscapeRight UIInterfaceOrientationPortrait UIInterfaceOrientationPortraitUpsideDown";
				LD_RUNPATH_SEARCH_PATHS = (
					"$(inherited)",
					"@executable_path/Frameworks",
				);
				MARKETING_VERSION = 1.0;
				PRODUCT_BUNDLE_IDENTIFIER = "com.i2p.Coody-IOS";
				PRODUCT_NAME = "$(TARGET_NAME)";
				SWIFT_EMIT_LOC_STRINGS = YES;
				SWIFT_VERSION = 5.0;
				TARGETED_DEVICE_FAMILY = "1,2";
			};
			name = Debug;
		};
		B79703A92CA00A68006CFD96 /* Release */ = {
			isa = XCBuildConfiguration;
			buildSettings = {
				ASSETCATALOG_COMPILER_APPICON_NAME = AppIcon;
				ASSETCATALOG_COMPILER_GLOBAL_ACCENT_COLOR_NAME = AccentColor;
				ASSETCATALOG_COMPILER_INCLUDE_ALL_APPICON_ASSETS = YES;
				CODE_SIGN_STYLE = Automatic;
				CURRENT_PROJECT_VERSION = 1;
				DEVELOPMENT_ASSET_PATHS = "\"Coody-IOS/Preview Content\"";
				DEVELOPMENT_TEAM = N4X88WK7XV;
				ENABLE_PREVIEWS = YES;
				GENERATE_INFOPLIST_FILE = YES;
				INFOPLIST_FILE = "Coody-IOS/Info.plist";
				INFOPLIST_KEY_LSApplicationCategoryType = "public.app-category.food-and-drink";
				INFOPLIST_KEY_UIApplicationSceneManifest_Generation = YES;
				INFOPLIST_KEY_UIApplicationSupportsIndirectInputEvents = YES;
				INFOPLIST_KEY_UILaunchStoryboardName = App;
				INFOPLIST_KEY_UIStatusBarStyle = "";
				INFOPLIST_KEY_UISupportedInterfaceOrientations = UIInterfaceOrientationPortrait;
				INFOPLIST_KEY_UISupportedInterfaceOrientations_iPad = "UIInterfaceOrientationLandscapeLeft UIInterfaceOrientationLandscapeRight UIInterfaceOrientationPortrait UIInterfaceOrientationPortraitUpsideDown";
				LD_RUNPATH_SEARCH_PATHS = (
					"$(inherited)",
					"@executable_path/Frameworks",
				);
				MARKETING_VERSION = 1.0;
				PRODUCT_BUNDLE_IDENTIFIER = "com.i2p.Coody-IOS";
				PRODUCT_NAME = "$(TARGET_NAME)";
				SWIFT_EMIT_LOC_STRINGS = YES;
				SWIFT_VERSION = 5.0;
				TARGETED_DEVICE_FAMILY = "1,2";
			};
			name = Release;
		};
/* End XCBuildConfiguration section */

/* Begin XCConfigurationList section */
		B79703942CA00A64006CFD96 /* Build configuration list for PBXProject "Coody-IOS" */ = {
			isa = XCConfigurationList;
			buildConfigurations = (
				B79703A52CA00A68006CFD96 /* Debug */,
				B79703A62CA00A68006CFD96 /* Release */,
			);
			defaultConfigurationIsVisible = 0;
			defaultConfigurationName = Release;
		};
		B79703A72CA00A68006CFD96 /* Build configuration list for PBXNativeTarget "Coody-IOS" */ = {
			isa = XCConfigurationList;
			buildConfigurations = (
				B79703A82CA00A68006CFD96 /* Debug */,
				B79703A92CA00A68006CFD96 /* Release */,
			);
			defaultConfigurationIsVisible = 0;
			defaultConfigurationName = Release;
		};
/* End XCConfigurationList section */
	};
	rootObject = B79703912CA00A64006CFD96 /* Project object */;
}
